
Microsoft Visual Studio Solution File, Format Version 12.00
# Visual Studio Version 17
VisualStudioVersion = 17.8.34525.116
MinimumVisualStudioVersion = 10.0.40219.1
Project("{FAE04EC0-301F-11D3-BF4B-00C04F79EFBC}") = "HomeTask-Casting-Operatoroverloding-Indexer", "HomeTask-Casting-Operatoroverloding-Indexer\HomeTask-Casting-Operatoroverloding-Indexer.csproj", "{6AC76B9C-5F7A-495D-8DD9-B2E2BEE8E8B8}"
EndProject
Global
	GlobalSection(SolutionConfigurationPlatforms) = preSolution
		Debug|Any CPU = Debug|Any CPU
		Release|Any CPU = Release|Any CPU
	EndGlobalSection
	GlobalSection(ProjectConfigurationPlatforms) = postSolution
		{6AC76B9C-5F7A-495D-8DD9-B2E2BEE8E8B8}.Debug|Any CPU.ActiveCfg = Debug|Any CPU
		{6AC76B9C-5F7A-495D-8DD9-B2E2BEE8E8B8}.Debug|Any CPU.Build.0 = Debug|Any CPU
		{6AC76B9C-5F7A-495D-8DD9-B2E2BEE8E8B8}.Release|Any CPU.ActiveCfg = Release|Any CPU
		{6AC76B9C-5F7A-495D-8DD9-B2E2BEE8E8B8}.Release|Any CPU.Build.0 = Release|Any CPU
	EndGlobalSection
	GlobalSection(SolutionProperties) = preSolution
		HideSolutionNode = FALSE
	EndGlobalSection
	GlobalSection(ExtensibilityGlobals) = postSolution
		SolutionGuid = {C3ECAA5D-778C-4D55-A5A6-95AAAADF4238}
	EndGlobalSection
EndGlobal
